
Microsoft Visual Studio Solution File, Format Version 12.00
# Visual Studio Version 17
VisualStudioVersion = 17.0.31903.59
MinimumVisualStudioVersion = 10.0.40219.1
Project("{2150E333-8FDC-42A3-9474-1A3956D46DE8}") = "src", "src", "{827E0CD3-B72D-47B6-A68D-7590B98EB39B}"
EndProject
Project("{2150E333-8FDC-42A3-9474-1A3956D46DE8}") = "building-blocks", "building-blocks", "{C13E73B6-616D-3195-CD22-1E55A7D1F969}"
EndProject
Project("{FAE04EC0-301F-11D3-BF4B-00C04F79EFBC}") = "TenTotalEnglish.SharedKernel", "src\building-blocks\TenTotalEnglish.SharedKernel\TenTotalEnglish.SharedKernel.csproj", "{871DE45D-752D-4F72-9C93-18F9D0714B4B}"
EndProject
Project("{FAE04EC0-301F-11D3-BF4B-00C04F79EFBC}") = "TenTotalEnglish.SharedApplication", "src\building-blocks\TenTotalEnglish.SharedApplication\TenTotalEnglish.SharedApplication.csproj", "{0FAE6BEE-C095-4E39-B401-A81E47795B83}"
EndProject
Project("{FAE04EC0-301F-11D3-BF4B-00C04F79EFBC}") = "TenTotalEnglish.SharedInfrastructure", "src\building-blocks\TenTotalEnglish.SharedInfrastructure\TenTotalEnglish.SharedInfrastructure.csproj", "{DE732841-62C3-4A71-A510-6E1FB947B16E}"
EndProject
Project("{2150E333-8FDC-42A3-9474-1A3956D46DE8}") = "services", "services", "{984BB9B3-3FA3-BE33-9484-CAC21695A33C}"
EndProject
Project("{2150E333-8FDC-42A3-9474-1A3956D46DE8}") = "tte-students-service", "tte-students-service", "{C8E460F2-99C6-7F04-9E1E-DA093C9CDAC8}"
EndProject
Project("{FAE04EC0-301F-11D3-BF4B-00C04F79EFBC}") = "TenTotalEnglish.Students.Domain", "src\services\tte-students-service\TenTotalEnglish.Students.Domain\TenTotalEnglish.Students.Domain.csproj", "{24AB90A4-E2FC-4861-B1F6-36035C609B45}"
EndProject
Project("{FAE04EC0-301F-11D3-BF4B-00C04F79EFBC}") = "TenTotalEnglish.Students.Application", "src\services\tte-students-service\TenTotalEnglish.Students.Application\TenTotalEnglish.Students.Application.csproj", "{9799FBFD-EA0E-42AA-BB29-4E5FB4CFA6E1}"
EndProject
Project("{FAE04EC0-301F-11D3-BF4B-00C04F79EFBC}") = "TenTotalEnglish.Students.Infrastructure", "src\services\tte-students-service\TenTotalEnglish.Students.Infrastructure\TenTotalEnglish.Students.Infrastructure.csproj", "{C8ABD9D6-349A-4058-A6DE-FA63D89808AF}"
EndProject
Project("{FAE04EC0-301F-11D3-BF4B-00C04F79EFBC}") = "TenTotalEnglish.Students.Api", "src\services\tte-students-service\TenTotalEnglish.Students.Api\TenTotalEnglish.Students.Api.csproj", "{0475F7F9-BA8B-4DE7-AC5D-4899A8270E3E}"
EndProject
Project("{FAE04EC0-301F-11D3-BF4B-00C04F79EFBC}") = "TenTotalEnglish.Students.Tests", "src\services\tte-students-service\TenTotalEnglish.Students.Tests\TenTotalEnglish.Students.Tests.csproj", "{9F42392F-81DB-4913-8D7B-ED0E150DFC39}"
EndProject
Project("{2150E333-8FDC-42A3-9474-1A3956D46DE8}") = "tte-groups-service", "tte-groups-service", "{DD349F42-42E9-98A1-8644-E5A925ED82BA}"
EndProject
Project("{FAE04EC0-301F-11D3-BF4B-00C04F79EFBC}") = "TenTotalEnglish.Groups.Domain", "src\services\tte-groups-service\TenTotalEnglish.Groups.Domain\TenTotalEnglish.Groups.Domain.csproj", "{F404F4EC-8C35-4A5C-9B6F-F0F4487116F1}"
EndProject
Project("{FAE04EC0-301F-11D3-BF4B-00C04F79EFBC}") = "TenTotalEnglish.Groups.Application", "src\services\tte-groups-service\TenTotalEnglish.Groups.Application\TenTotalEnglish.Groups.Application.csproj", "{71633B30-C8D6-4F2D-A37A-37D85D393C90}"
EndProject
Project("{FAE04EC0-301F-11D3-BF4B-00C04F79EFBC}") = "TenTotalEnglish.Groups.Infrastructure", "src\services\tte-groups-service\TenTotalEnglish.Groups.Infrastructure\TenTotalEnglish.Groups.Infrastructure.csproj", "{4158BBB8-5AA2-43FA-8380-1211804C652D}"
EndProject
Project("{FAE04EC0-301F-11D3-BF4B-00C04F79EFBC}") = "TenTotalEnglish.Groups.Api", "src\services\tte-groups-service\TenTotalEnglish.Groups.Api\TenTotalEnglish.Groups.Api.csproj", "{B0F7900C-243C-4424-8BE4-D5A655BDE87C}"
EndProject
Project("{FAE04EC0-301F-11D3-BF4B-00C04F79EFBC}") = "TenTotalEnglish.Groups.Tests", "src\services\tte-groups-service\TenTotalEnglish.Groups.Tests\TenTotalEnglish.Groups.Tests.csproj", "{C00A1AFC-F0BF-4C84-B7F5-DCCC91DC68C1}"
EndProject
Project("{2150E333-8FDC-42A3-9474-1A3956D46DE8}") = "tte-enrollments-service", "tte-enrollments-service", "{3AEB8470-C502-B36A-F8C9-589E2798758E}"
EndProject
Project("{FAE04EC0-301F-11D3-BF4B-00C04F79EFBC}") = "TenTotalEnglish.Enrollments.Domain", "src\services\tte-enrollments-service\TenTotalEnglish.Enrollments.Domain\TenTotalEnglish.Enrollments.Domain.csproj", "{3E449100-455A-4906-9256-14DF8C0FADB6}"
EndProject
Project("{FAE04EC0-301F-11D3-BF4B-00C04F79EFBC}") = "TenTotalEnglish.Enrollments.Application", "src\services\tte-enrollments-service\TenTotalEnglish.Enrollments.Application\TenTotalEnglish.Enrollments.Application.csproj", "{FE8402F7-CEA6-41D0-A4BF-B439C7FB2304}"
EndProject
Project("{FAE04EC0-301F-11D3-BF4B-00C04F79EFBC}") = "TenTotalEnglish.Enrollments.Infrastructure", "src\services\tte-enrollments-service\TenTotalEnglish.Enrollments.Infrastructure\TenTotalEnglish.Enrollments.Infrastructure.csproj", "{39769DD0-F14E-453A-B801-5FC3A78FC1DA}"
EndProject
Project("{FAE04EC0-301F-11D3-BF4B-00C04F79EFBC}") = "TenTotalEnglish.Enrollments.Api", "src\services\tte-enrollments-service\TenTotalEnglish.Enrollments.Api\TenTotalEnglish.Enrollments.Api.csproj", "{D054076D-668B-4374-A67F-3B8061F77F54}"
EndProject
Project("{FAE04EC0-301F-11D3-BF4B-00C04F79EFBC}") = "TenTotalEnglish.Enrollments.Tests", "src\services\tte-enrollments-service\TenTotalEnglish.Enrollments.Tests\TenTotalEnglish.Enrollments.Tests.csproj", "{71047B04-8DAE-4AB0-990A-2E86BAFCFEAE}"
EndProject
Project("{2150E333-8FDC-42A3-9474-1A3956D46DE8}") = "tte-payments-service", "tte-payments-service", "{B1DA3054-046B-2E6B-DC3C-DED8BDE7FFB6}"
EndProject
Project("{FAE04EC0-301F-11D3-BF4B-00C04F79EFBC}") = "TenTotalEnglish.Payments.Domain", "src\services\tte-payments-service\TenTotalEnglish.Payments.Domain\TenTotalEnglish.Payments.Domain.csproj", "{BAAEF00E-E7A5-4851-A71F-0E5A957EAFFD}"
EndProject
Project("{FAE04EC0-301F-11D3-BF4B-00C04F79EFBC}") = "TenTotalEnglish.Payments.Application", "src\services\tte-payments-service\TenTotalEnglish.Payments.Application\TenTotalEnglish.Payments.Application.csproj", "{144B32F6-9342-4407-8C30-56B1611CAF99}"
EndProject
Project("{FAE04EC0-301F-11D3-BF4B-00C04F79EFBC}") = "TenTotalEnglish.Payments.Infrastructure", "src\services\tte-payments-service\TenTotalEnglish.Payments.Infrastructure\TenTotalEnglish.Payments.Infrastructure.csproj", "{11EC157F-1F1A-4CFC-BACC-8364DA1C167A}"
EndProject
Project("{FAE04EC0-301F-11D3-BF4B-00C04F79EFBC}") = "TenTotalEnglish.Payments.Api", "src\services\tte-payments-service\TenTotalEnglish.Payments.Api\TenTotalEnglish.Payments.Api.csproj", "{E061B0DB-713D-4464-8E79-EA7BA2524581}"
EndProject
Global
	GlobalSection(SolutionConfigurationPlatforms) = preSolution
		Debug|Any CPU = Debug|Any CPU
		Debug|x64 = Debug|x64
		Debug|x86 = Debug|x86
		Release|Any CPU = Release|Any CPU
		Release|x64 = Release|x64
		Release|x86 = Release|x86
	EndGlobalSection
	GlobalSection(ProjectConfigurationPlatforms) = postSolution
		{871DE45D-752D-4F72-9C93-18F9D0714B4B}.Debug|Any CPU.ActiveCfg = Debug|Any CPU
		{871DE45D-752D-4F72-9C93-18F9D0714B4B}.Debug|Any CPU.Build.0 = Debug|Any CPU
		{871DE45D-752D-4F72-9C93-18F9D0714B4B}.Debug|x64.ActiveCfg = Debug|Any CPU
		{871DE45D-752D-4F72-9C93-18F9D0714B4B}.Debug|x64.Build.0 = Debug|Any CPU
		{871DE45D-752D-4F72-9C93-18F9D0714B4B}.Debug|x86.ActiveCfg = Debug|Any CPU
		{871DE45D-752D-4F72-9C93-18F9D0714B4B}.Debug|x86.Build.0 = Debug|Any CPU
		{871DE45D-752D-4F72-9C93-18F9D0714B4B}.Release|Any CPU.ActiveCfg = Release|Any CPU
		{871DE45D-752D-4F72-9C93-18F9D0714B4B}.Release|Any CPU.Build.0 = Release|Any CPU
		{871DE45D-752D-4F72-9C93-18F9D0714B4B}.Release|x64.ActiveCfg = Release|Any CPU
		{871DE45D-752D-4F72-9C93-18F9D0714B4B}.Release|x64.Build.0 = Release|Any CPU
		{871DE45D-752D-4F72-9C93-18F9D0714B4B}.Release|x86.ActiveCfg = Release|Any CPU
		{871DE45D-752D-4F72-9C93-18F9D0714B4B}.Release|x86.Build.0 = Release|Any CPU
		{0FAE6BEE-C095-4E39-B401-A81E47795B83}.Debug|Any CPU.ActiveCfg = Debug|Any CPU
		{0FAE6BEE-C095-4E39-B401-A81E47795B83}.Debug|Any CPU.Build.0 = Debug|Any CPU
		{0FAE6BEE-C095-4E39-B401-A81E47795B83}.Debug|x64.ActiveCfg = Debug|Any CPU
		{0FAE6BEE-C095-4E39-B401-A81E47795B83}.Debug|x64.Build.0 = Debug|Any CPU
		{0FAE6BEE-C095-4E39-B401-A81E47795B83}.Debug|x86.ActiveCfg = Debug|Any CPU
		{0FAE6BEE-C095-4E39-B401-A81E47795B83}.Debug|x86.Build.0 = Debug|Any CPU
		{0FAE6BEE-C095-4E39-B401-A81E47795B83}.Release|Any CPU.ActiveCfg = Release|Any CPU
		{0FAE6BEE-C095-4E39-B401-A81E47795B83}.Release|Any CPU.Build.0 = Release|Any CPU
		{0FAE6BEE-C095-4E39-B401-A81E47795B83}.Release|x64.ActiveCfg = Release|Any CPU
		{0FAE6BEE-C095-4E39-B401-A81E47795B83}.Release|x64.Build.0 = Release|Any CPU
		{0FAE6BEE-C095-4E39-B401-A81E47795B83}.Release|x86.ActiveCfg = Release|Any CPU
		{0FAE6BEE-C095-4E39-B401-A81E47795B83}.Release|x86.Build.0 = Release|Any CPU
		{DE732841-62C3-4A71-A510-6E1FB947B16E}.Debug|Any CPU.ActiveCfg = Debug|Any CPU
		{DE732841-62C3-4A71-A510-6E1FB947B16E}.Debug|Any CPU.Build.0 = Debug|Any CPU
		{DE732841-62C3-4A71-A510-6E1FB947B16E}.Debug|x64.ActiveCfg = Debug|Any CPU
		{DE732841-62C3-4A71-A510-6E1FB947B16E}.Debug|x64.Build.0 = Debug|Any CPU
		{DE732841-62C3-4A71-A510-6E1FB947B16E}.Debug|x86.ActiveCfg = Debug|Any CPU
		{DE732841-62C3-4A71-A510-6E1FB947B16E}.Debug|x86.Build.0 = Debug|Any CPU
		{DE732841-62C3-4A71-A510-6E1FB947B16E}.Release|Any CPU.ActiveCfg = Release|Any CPU
		{DE732841-62C3-4A71-A510-6E1FB947B16E}.Release|Any CPU.Build.0 = Release|Any CPU
		{DE732841-62C3-4A71-A510-6E1FB947B16E}.Release|x64.ActiveCfg = Release|Any CPU
		{DE732841-62C3-4A71-A510-6E1FB947B16E}.Release|x64.Build.0 = Release|Any CPU
		{DE732841-62C3-4A71-A510-6E1FB947B16E}.Release|x86.ActiveCfg = Release|Any CPU
		{DE732841-62C3-4A71-A510-6E1FB947B16E}.Release|x86.Build.0 = Release|Any CPU
		{24AB90A4-E2FC-4861-B1F6-36035C609B45}.Debug|Any CPU.ActiveCfg = Debug|Any CPU
		{24AB90A4-E2FC-4861-B1F6-36035C609B45}.Debug|Any CPU.Build.0 = Debug|Any CPU
		{24AB90A4-E2FC-4861-B1F6-36035C609B45}.Debug|x64.ActiveCfg = Debug|Any CPU
		{24AB90A4-E2FC-4861-B1F6-36035C609B45}.Debug|x64.Build.0 = Debug|Any CPU
		{24AB90A4-E2FC-4861-B1F6-36035C609B45}.Debug|x86.ActiveCfg = Debug|Any CPU
		{24AB90A4-E2FC-4861-B1F6-36035C609B45}.Debug|x86.Build.0 = Debug|Any CPU
		{24AB90A4-E2FC-4861-B1F6-36035C609B45}.Release|Any CPU.ActiveCfg = Release|Any CPU
		{24AB90A4-E2FC-4861-B1F6-36035C609B45}.Release|Any CPU.Build.0 = Release|Any CPU
		{24AB90A4-E2FC-4861-B1F6-36035C609B45}.Release|x64.ActiveCfg = Release|Any CPU
		{24AB90A4-E2FC-4861-B1F6-36035C609B45}.Release|x64.Build.0 = Release|Any CPU
		{24AB90A4-E2FC-4861-B1F6-36035C609B45}.Release|x86.ActiveCfg = Release|Any CPU
		{24AB90A4-E2FC-4861-B1F6-36035C609B45}.Release|x86.Build.0 = Release|Any CPU
		{9799FBFD-EA0E-42AA-BB29-4E5FB4CFA6E1}.Debug|Any CPU.ActiveCfg = Debug|Any CPU
		{9799FBFD-EA0E-42AA-BB29-4E5FB4CFA6E1}.Debug|Any CPU.Build.0 = Debug|Any CPU
		{9799FBFD-EA0E-42AA-BB29-4E5FB4CFA6E1}.Debug|x64.ActiveCfg = Debug|Any CPU
		{9799FBFD-EA0E-42AA-BB29-4E5FB4CFA6E1}.Debug|x64.Build.0 = Debug|Any CPU
		{9799FBFD-EA0E-42AA-BB29-4E5FB4CFA6E1}.Debug|x86.ActiveCfg = Debug|Any CPU
		{9799FBFD-EA0E-42AA-BB29-4E5FB4CFA6E1}.Debug|x86.Build.0 = Debug|Any CPU
		{9799FBFD-EA0E-42AA-BB29-4E5FB4CFA6E1}.Release|Any CPU.ActiveCfg = Release|Any CPU
		{9799FBFD-EA0E-42AA-BB29-4E5FB4CFA6E1}.Release|Any CPU.Build.0 = Release|Any CPU
		{9799FBFD-EA0E-42AA-BB29-4E5FB4CFA6E1}.Release|x64.ActiveCfg = Release|Any CPU
		{9799FBFD-EA0E-42AA-BB29-4E5FB4CFA6E1}.Release|x64.Build.0 = Release|Any CPU
		{9799FBFD-EA0E-42AA-BB29-4E5FB4CFA6E1}.Release|x86.ActiveCfg = Release|Any CPU
		{9799FBFD-EA0E-42AA-BB29-4E5FB4CFA6E1}.Release|x86.Build.0 = Release|Any CPU
		{C8ABD9D6-349A-4058-A6DE-FA63D89808AF}.Debug|Any CPU.ActiveCfg = Debug|Any CPU
		{C8ABD9D6-349A-4058-A6DE-FA63D89808AF}.Debug|Any CPU.Build.0 = Debug|Any CPU
		{C8ABD9D6-349A-4058-A6DE-FA63D89808AF}.Debug|x64.ActiveCfg = Debug|Any CPU
		{C8ABD9D6-349A-4058-A6DE-FA63D89808AF}.Debug|x64.Build.0 = Debug|Any CPU
		{C8ABD9D6-349A-4058-A6DE-FA63D89808AF}.Debug|x86.ActiveCfg = Debug|Any CPU
		{C8ABD9D6-349A-4058-A6DE-FA63D89808AF}.Debug|x86.Build.0 = Debug|Any CPU
		{C8ABD9D6-349A-4058-A6DE-FA63D89808AF}.Release|Any CPU.ActiveCfg = Release|Any CPU
		{C8ABD9D6-349A-4058-A6DE-FA63D89808AF}.Release|Any CPU.Build.0 = Release|Any CPU
		{C8ABD9D6-349A-4058-A6DE-FA63D89808AF}.Release|x64.ActiveCfg = Release|Any CPU
		{C8ABD9D6-349A-4058-A6DE-FA63D89808AF}.Release|x64.Build.0 = Release|Any CPU
		{C8ABD9D6-349A-4058-A6DE-FA63D89808AF}.Release|x86.ActiveCfg = Release|Any CPU
		{C8ABD9D6-349A-4058-A6DE-FA63D89808AF}.Release|x86.Build.0 = Release|Any CPU
		{0475F7F9-BA8B-4DE7-AC5D-4899A8270E3E}.Debug|Any CPU.ActiveCfg = Debug|Any CPU
		{0475F7F9-BA8B-4DE7-AC5D-4899A8270E3E}.Debug|Any CPU.Build.0 = Debug|Any CPU
		{0475F7F9-BA8B-4DE7-AC5D-4899A8270E3E}.Debug|x64.ActiveCfg = Debug|Any CPU
		{0475F7F9-BA8B-4DE7-AC5D-4899A8270E3E}.Debug|x64.Build.0 = Debug|Any CPU
		{0475F7F9-BA8B-4DE7-AC5D-4899A8270E3E}.Debug|x86.ActiveCfg = Debug|Any CPU
		{0475F7F9-BA8B-4DE7-AC5D-4899A8270E3E}.Debug|x86.Build.0 = Debug|Any CPU
		{0475F7F9-BA8B-4DE7-AC5D-4899A8270E3E}.Release|Any CPU.ActiveCfg = Release|Any CPU
		{0475F7F9-BA8B-4DE7-AC5D-4899A8270E3E}.Release|Any CPU.Build.0 = Release|Any CPU
		{0475F7F9-BA8B-4DE7-AC5D-4899A8270E3E}.Release|x64.ActiveCfg = Release|Any CPU
		{0475F7F9-BA8B-4DE7-AC5D-4899A8270E3E}.Release|x64.Build.0 = Release|Any CPU
		{0475F7F9-BA8B-4DE7-AC5D-4899A8270E3E}.Release|x86.ActiveCfg = Release|Any CPU
		{0475F7F9-BA8B-4DE7-AC5D-4899A8270E3E}.Release|x86.Build.0 = Release|Any CPU
		{9F42392F-81DB-4913-8D7B-ED0E150DFC39}.Debug|Any CPU.ActiveCfg = Debug|Any CPU
		{9F42392F-81DB-4913-8D7B-ED0E150DFC39}.Debug|Any CPU.Build.0 = Debug|Any CPU
		{9F42392F-81DB-4913-8D7B-ED0E150DFC39}.Debug|x64.ActiveCfg = Debug|Any CPU
		{9F42392F-81DB-4913-8D7B-ED0E150DFC39}.Debug|x64.Build.0 = Debug|Any CPU
		{9F42392F-81DB-4913-8D7B-ED0E150DFC39}.Debug|x86.ActiveCfg = Debug|Any CPU
		{9F42392F-81DB-4913-8D7B-ED0E150DFC39}.Debug|x86.Build.0 = Debug|Any CPU
		{9F42392F-81DB-4913-8D7B-ED0E150DFC39}.Release|Any CPU.ActiveCfg = Release|Any CPU
		{9F42392F-81DB-4913-8D7B-ED0E150DFC39}.Release|Any CPU.Build.0 = Release|Any CPU
		{9F42392F-81DB-4913-8D7B-ED0E150DFC39}.Release|x64.ActiveCfg = Release|Any CPU
		{9F42392F-81DB-4913-8D7B-ED0E150DFC39}.Release|x64.Build.0 = Release|Any CPU
		{9F42392F-81DB-4913-8D7B-ED0E150DFC39}.Release|x86.ActiveCfg = Release|Any CPU
		{9F42392F-81DB-4913-8D7B-ED0E150DFC39}.Release|x86.Build.0 = Release|Any CPU
		{F404F4EC-8C35-4A5C-9B6F-F0F4487116F1}.Debug|Any CPU.ActiveCfg = Debug|Any CPU
		{F404F4EC-8C35-4A5C-9B6F-F0F4487116F1}.Debug|Any CPU.Build.0 = Debug|Any CPU
		{F404F4EC-8C35-4A5C-9B6F-F0F4487116F1}.Debug|x64.ActiveCfg = Debug|Any CPU
		{F404F4EC-8C35-4A5C-9B6F-F0F4487116F1}.Debug|x64.Build.0 = Debug|Any CPU
		{F404F4EC-8C35-4A5C-9B6F-F0F4487116F1}.Debug|x86.ActiveCfg = Debug|Any CPU
		{F404F4EC-8C35-4A5C-9B6F-F0F4487116F1}.Debug|x86.Build.0 = Debug|Any CPU
		{F404F4EC-8C35-4A5C-9B6F-F0F4487116F1}.Release|Any CPU.ActiveCfg = Release|Any CPU
		{F404F4EC-8C35-4A5C-9B6F-F0F4487116F1}.Release|Any CPU.Build.0 = Release|Any CPU
		{F404F4EC-8C35-4A5C-9B6F-F0F4487116F1}.Release|x64.ActiveCfg = Release|Any CPU
		{F404F4EC-8C35-4A5C-9B6F-F0F4487116F1}.Release|x64.Build.0 = Release|Any CPU
		{F404F4EC-8C35-4A5C-9B6F-F0F4487116F1}.Release|x86.ActiveCfg = Release|Any CPU
		{F404F4EC-8C35-4A5C-9B6F-F0F4487116F1}.Release|x86.Build.0 = Release|Any CPU
		{71633B30-C8D6-4F2D-A37A-37D85D393C90}.Debug|Any CPU.ActiveCfg = Debug|Any CPU
		{71633B30-C8D6-4F2D-A37A-37D85D393C90}.Debug|Any CPU.Build.0 = Debug|Any CPU
		{71633B30-C8D6-4F2D-A37A-37D85D393C90}.Debug|x64.ActiveCfg = Debug|Any CPU
		{71633B30-C8D6-4F2D-A37A-37D85D393C90}.Debug|x64.Build.0 = Debug|Any CPU
		{71633B30-C8D6-4F2D-A37A-37D85D393C90}.Debug|x86.ActiveCfg = Debug|Any CPU
		{71633B30-C8D6-4F2D-A37A-37D85D393C90}.Debug|x86.Build.0 = Debug|Any CPU
		{71633B30-C8D6-4F2D-A37A-37D85D393C90}.Release|Any CPU.ActiveCfg = Release|Any CPU
		{71633B30-C8D6-4F2D-A37A-37D85D393C90}.Release|Any CPU.Build.0 = Release|Any CPU
		{71633B30-C8D6-4F2D-A37A-37D85D393C90}.Release|x64.ActiveCfg = Release|Any CPU
		{71633B30-C8D6-4F2D-A37A-37D85D393C90}.Release|x64.Build.0 = Release|Any CPU
		{71633B30-C8D6-4F2D-A37A-37D85D393C90}.Release|x86.ActiveCfg = Release|Any CPU
		{71633B30-C8D6-4F2D-A37A-37D85D393C90}.Release|x86.Build.0 = Release|Any CPU
		{4158BBB8-5AA2-43FA-8380-1211804C652D}.Debug|Any CPU.ActiveCfg = Debug|Any CPU
		{4158BBB8-5AA2-43FA-8380-1211804C652D}.Debug|Any CPU.Build.0 = Debug|Any CPU
		{4158BBB8-5AA2-43FA-8380-1211804C652D}.Debug|x64.ActiveCfg = Debug|Any CPU
		{4158BBB8-5AA2-43FA-8380-1211804C652D}.Debug|x64.Build.0 = Debug|Any CPU
		{4158BBB8-5AA2-43FA-8380-1211804C652D}.Debug|x86.ActiveCfg = Debug|Any CPU
		{4158BBB8-5AA2-43FA-8380-1211804C652D}.Debug|x86.Build.0 = Debug|Any CPU
		{4158BBB8-5AA2-43FA-8380-1211804C652D}.Release|Any CPU.ActiveCfg = Release|Any CPU
		{4158BBB8-5AA2-43FA-8380-1211804C652D}.Release|Any CPU.Build.0 = Release|Any CPU
		{4158BBB8-5AA2-43FA-8380-1211804C652D}.Release|x64.ActiveCfg = Release|Any CPU
		{4158BBB8-5AA2-43FA-8380-1211804C652D}.Release|x64.Build.0 = Release|Any CPU
		{4158BBB8-5AA2-43FA-8380-1211804C652D}.Release|x86.ActiveCfg = Release|Any CPU
		{4158BBB8-5AA2-43FA-8380-1211804C652D}.Release|x86.Build.0 = Release|Any CPU
		{B0F7900C-243C-4424-8BE4-D5A655BDE87C}.Debug|Any CPU.ActiveCfg = Debug|Any CPU
		{B0F7900C-243C-4424-8BE4-D5A655BDE87C}.Debug|Any CPU.Build.0 = Debug|Any CPU
		{B0F7900C-243C-4424-8BE4-D5A655BDE87C}.Debug|x64.ActiveCfg = Debug|Any CPU
		{B0F7900C-243C-4424-8BE4-D5A655BDE87C}.Debug|x64.Build.0 = Debug|Any CPU
		{B0F7900C-243C-4424-8BE4-D5A655BDE87C}.Debug|x86.ActiveCfg = Debug|Any CPU
		{B0F7900C-243C-4424-8BE4-D5A655BDE87C}.Debug|x86.Build.0 = Debug|Any CPU
		{B0F7900C-243C-4424-8BE4-D5A655BDE87C}.Release|Any CPU.ActiveCfg = Release|Any CPU
		{B0F7900C-243C-4424-8BE4-D5A655BDE87C}.Release|Any CPU.Build.0 = Release|Any CPU
		{B0F7900C-243C-4424-8BE4-D5A655BDE87C}.Release|x64.ActiveCfg = Release|Any CPU
		{B0F7900C-243C-4424-8BE4-D5A655BDE87C}.Release|x64.Build.0 = Release|Any CPU
		{B0F7900C-243C-4424-8BE4-D5A655BDE87C}.Release|x86.ActiveCfg = Release|Any CPU
		{B0F7900C-243C-4424-8BE4-D5A655BDE87C}.Release|x86.Build.0 = Release|Any CPU
		{C00A1AFC-F0BF-4C84-B7F5-DCCC91DC68C1}.Debug|Any CPU.ActiveCfg = Debug|Any CPU
		{C00A1AFC-F0BF-4C84-B7F5-DCCC91DC68C1}.Debug|Any CPU.Build.0 = Debug|Any CPU
		{C00A1AFC-F0BF-4C84-B7F5-DCCC91DC68C1}.Debug|x64.ActiveCfg = Debug|Any CPU
		{C00A1AFC-F0BF-4C84-B7F5-DCCC91DC68C1}.Debug|x64.Build.0 = Debug|Any CPU
		{C00A1AFC-F0BF-4C84-B7F5-DCCC91DC68C1}.Debug|x86.ActiveCfg = Debug|Any CPU
		{C00A1AFC-F0BF-4C84-B7F5-DCCC91DC68C1}.Debug|x86.Build.0 = Debug|Any CPU
		{C00A1AFC-F0BF-4C84-B7F5-DCCC91DC68C1}.Release|Any CPU.ActiveCfg = Release|Any CPU
		{C00A1AFC-F0BF-4C84-B7F5-DCCC91DC68C1}.Release|Any CPU.Build.0 = Release|Any CPU
		{C00A1AFC-F0BF-4C84-B7F5-DCCC91DC68C1}.Release|x64.ActiveCfg = Release|Any CPU
		{C00A1AFC-F0BF-4C84-B7F5-DCCC91DC68C1}.Release|x64.Build.0 = Release|Any CPU
		{C00A1AFC-F0BF-4C84-B7F5-DCCC91DC68C1}.Release|x86.ActiveCfg = Release|Any CPU
		{C00A1AFC-F0BF-4C84-B7F5-DCCC91DC68C1}.Release|x86.Build.0 = Release|Any CPU
		{3E449100-455A-4906-9256-14DF8C0FADB6}.Debug|Any CPU.ActiveCfg = Debug|Any CPU
		{3E449100-455A-4906-9256-14DF8C0FADB6}.Debug|Any CPU.Build.0 = Debug|Any CPU
		{3E449100-455A-4906-9256-14DF8C0FADB6}.Debug|x64.ActiveCfg = Debug|Any CPU
		{3E449100-455A-4906-9256-14DF8C0FADB6}.Debug|x64.Build.0 = Debug|Any CPU
		{3E449100-455A-4906-9256-14DF8C0FADB6}.Debug|x86.ActiveCfg = Debug|Any CPU
		{3E449100-455A-4906-9256-14DF8C0FADB6}.Debug|x86.Build.0 = Debug|Any CPU
		{3E449100-455A-4906-9256-14DF8C0FADB6}.Release|Any CPU.ActiveCfg = Release|Any CPU
		{3E449100-455A-4906-9256-14DF8C0FADB6}.Release|Any CPU.Build.0 = Release|Any CPU
		{3E449100-455A-4906-9256-14DF8C0FADB6}.Release|x64.ActiveCfg = Release|Any CPU
		{3E449100-455A-4906-9256-14DF8C0FADB6}.Release|x64.Build.0 = Release|Any CPU
		{3E449100-455A-4906-9256-14DF8C0FADB6}.Release|x86.ActiveCfg = Release|Any CPU
		{3E449100-455A-4906-9256-14DF8C0FADB6}.Release|x86.Build.0 = Release|Any CPU
		{FE8402F7-CEA6-41D0-A4BF-B439C7FB2304}.Debug|Any CPU.ActiveCfg = Debug|Any CPU
		{FE8402F7-CEA6-41D0-A4BF-B439C7FB2304}.Debug|Any CPU.Build.0 = Debug|Any CPU
		{FE8402F7-CEA6-41D0-A4BF-B439C7FB2304}.Debug|x64.ActiveCfg = Debug|Any CPU
		{FE8402F7-CEA6-41D0-A4BF-B439C7FB2304}.Debug|x64.Build.0 = Debug|Any CPU
		{FE8402F7-CEA6-41D0-A4BF-B439C7FB2304}.Debug|x86.ActiveCfg = Debug|Any CPU
		{FE8402F7-CEA6-41D0-A4BF-B439C7FB2304}.Debug|x86.Build.0 = Debug|Any CPU
		{FE8402F7-CEA6-41D0-A4BF-B439C7FB2304}.Release|Any CPU.ActiveCfg = Release|Any CPU
		{FE8402F7-CEA6-41D0-A4BF-B439C7FB2304}.Release|Any CPU.Build.0 = Release|Any CPU
		{FE8402F7-CEA6-41D0-A4BF-B439C7FB2304}.Release|x64.ActiveCfg = Release|Any CPU
		{FE8402F7-CEA6-41D0-A4BF-B439C7FB2304}.Release|x64.Build.0 = Release|Any CPU
		{FE8402F7-CEA6-41D0-A4BF-B439C7FB2304}.Release|x86.ActiveCfg = Release|Any CPU
		{FE8402F7-CEA6-41D0-A4BF-B439C7FB2304}.Release|x86.Build.0 = Release|Any CPU
		{39769DD0-F14E-453A-B801-5FC3A78FC1DA}.Debug|Any CPU.ActiveCfg = Debug|Any CPU
		{39769DD0-F14E-453A-B801-5FC3A78FC1DA}.Debug|Any CPU.Build.0 = Debug|Any CPU
		{39769DD0-F14E-453A-B801-5FC3A78FC1DA}.Debug|x64.ActiveCfg = Debug|Any CPU
		{39769DD0-F14E-453A-B801-5FC3A78FC1DA}.Debug|x64.Build.0 = Debug|Any CPU
		{39769DD0-F14E-453A-B801-5FC3A78FC1DA}.Debug|x86.ActiveCfg = Debug|Any CPU
		{39769DD0-F14E-453A-B801-5FC3A78FC1DA}.Debug|x86.Build.0 = Debug|Any CPU
		{39769DD0-F14E-453A-B801-5FC3A78FC1DA}.Release|Any CPU.ActiveCfg = Release|Any CPU
		{39769DD0-F14E-453A-B801-5FC3A78FC1DA}.Release|Any CPU.Build.0 = Release|Any CPU
		{39769DD0-F14E-453A-B801-5FC3A78FC1DA}.Release|x64.ActiveCfg = Release|Any CPU
		{39769DD0-F14E-453A-B801-5FC3A78FC1DA}.Release|x64.Build.0 = Release|Any CPU
		{39769DD0-F14E-453A-B801-5FC3A78FC1DA}.Release|x86.ActiveCfg = Release|Any CPU
		{39769DD0-F14E-453A-B801-5FC3A78FC1DA}.Release|x86.Build.0 = Release|Any CPU
		{D054076D-668B-4374-A67F-3B8061F77F54}.Debug|Any CPU.ActiveCfg = Debug|Any CPU
		{D054076D-668B-4374-A67F-3B8061F77F54}.Debug|Any CPU.Build.0 = Debug|Any CPU
		{D054076D-668B-4374-A67F-3B8061F77F54}.Debug|x64.ActiveCfg = Debug|Any CPU
		{D054076D-668B-4374-A67F-3B8061F77F54}.Debug|x64.Build.0 = Debug|Any CPU
		{D054076D-668B-4374-A67F-3B8061F77F54}.Debug|x86.ActiveCfg = Debug|Any CPU
		{D054076D-668B-4374-A67F-3B8061F77F54}.Debug|x86.Build.0 = Debug|Any CPU
		{D054076D-668B-4374-A67F-3B8061F77F54}.Release|Any CPU.ActiveCfg = Release|Any CPU
		{D054076D-668B-4374-A67F-3B8061F77F54}.Release|Any CPU.Build.0 = Release|Any CPU
		{D054076D-668B-4374-A67F-3B8061F77F54}.Release|x64.ActiveCfg = Release|Any CPU
		{D054076D-668B-4374-A67F-3B8061F77F54}.Release|x64.Build.0 = Release|Any CPU
		{D054076D-668B-4374-A67F-3B8061F77F54}.Release|x86.ActiveCfg = Release|Any CPU
		{D054076D-668B-4374-A67F-3B8061F77F54}.Release|x86.Build.0 = Release|Any CPU
		{71047B04-8DAE-4AB0-990A-2E86BAFCFEAE}.Debug|Any CPU.ActiveCfg = Debug|Any CPU
		{71047B04-8DAE-4AB0-990A-2E86BAFCFEAE}.Debug|Any CPU.Build.0 = Debug|Any CPU
		{71047B04-8DAE-4AB0-990A-2E86BAFCFEAE}.Debug|x64.ActiveCfg = Debug|Any CPU
		{71047B04-8DAE-4AB0-990A-2E86BAFCFEAE}.Debug|x64.Build.0 = Debug|Any CPU
		{71047B04-8DAE-4AB0-990A-2E86BAFCFEAE}.Debug|x86.ActiveCfg = Debug|Any CPU
		{71047B04-8DAE-4AB0-990A-2E86BAFCFEAE}.Debug|x86.Build.0 = Debug|Any CPU
		{71047B04-8DAE-4AB0-990A-2E86BAFCFEAE}.Release|Any CPU.ActiveCfg = Release|Any CPU
		{71047B04-8DAE-4AB0-990A-2E86BAFCFEAE}.Release|Any CPU.Build.0 = Release|Any CPU
		{71047B04-8DAE-4AB0-990A-2E86BAFCFEAE}.Release|x64.ActiveCfg = Release|Any CPU
		{71047B04-8DAE-4AB0-990A-2E86BAFCFEAE}.Release|x64.Build.0 = Release|Any CPU
		{71047B04-8DAE-4AB0-990A-2E86BAFCFEAE}.Release|x86.ActiveCfg = Release|Any CPU
		{71047B04-8DAE-4AB0-990A-2E86BAFCFEAE}.Release|x86.Build.0 = Release|Any CPU
		{BAAEF00E-E7A5-4851-A71F-0E5A957EAFFD}.Debug|Any CPU.ActiveCfg = Debug|Any CPU
		{BAAEF00E-E7A5-4851-A71F-0E5A957EAFFD}.Debug|Any CPU.Build.0 = Debug|Any CPU
		{BAAEF00E-E7A5-4851-A71F-0E5A957EAFFD}.Debug|x64.ActiveCfg = Debug|Any CPU
		{BAAEF00E-E7A5-4851-A71F-0E5A957EAFFD}.Debug|x64.Build.0 = Debug|Any CPU
		{BAAEF00E-E7A5-4851-A71F-0E5A957EAFFD}.Debug|x86.ActiveCfg = Debug|Any CPU
		{BAAEF00E-E7A5-4851-A71F-0E5A957EAFFD}.Debug|x86.Build.0 = Debug|Any CPU
		{BAAEF00E-E7A5-4851-A71F-0E5A957EAFFD}.Release|Any CPU.ActiveCfg = Release|Any CPU
		{BAAEF00E-E7A5-4851-A71F-0E5A957EAFFD}.Release|Any CPU.Build.0 = Release|Any CPU
		{BAAEF00E-E7A5-4851-A71F-0E5A957EAFFD}.Release|x64.ActiveCfg = Release|Any CPU
		{BAAEF00E-E7A5-4851-A71F-0E5A957EAFFD}.Release|x64.Build.0 = Release|Any CPU
		{BAAEF00E-E7A5-4851-A71F-0E5A957EAFFD}.Release|x86.ActiveCfg = Release|Any CPU
		{BAAEF00E-E7A5-4851-A71F-0E5A957EAFFD}.Release|x86.Build.0 = Release|Any CPU
		{144B32F6-9342-4407-8C30-56B1611CAF99}.Debug|Any CPU.ActiveCfg = Debug|Any CPU
		{144B32F6-9342-4407-8C30-56B1611CAF99}.Debug|Any CPU.Build.0 = Debug|Any CPU
		{144B32F6-9342-4407-8C30-56B1611CAF99}.Debug|x64.ActiveCfg = Debug|Any CPU
		{144B32F6-9342-4407-8C30-56B1611CAF99}.Debug|x64.Build.0 = Debug|Any CPU
		{144B32F6-9342-4407-8C30-56B1611CAF99}.Debug|x86.ActiveCfg = Debug|Any CPU
		{144B32F6-9342-4407-8C30-56B1611CAF99}.Debug|x86.Build.0 = Debug|Any CPU
		{144B32F6-9342-4407-8C30-56B1611CAF99}.Release|Any CPU.ActiveCfg = Release|Any CPU
		{144B32F6-9342-4407-8C30-56B1611CAF99}.Release|Any CPU.Build.0 = Release|Any CPU
		{144B32F6-9342-4407-8C30-56B1611CAF99}.Release|x64.ActiveCfg = Release|Any CPU
		{144B32F6-9342-4407-8C30-56B1611CAF99}.Release|x64.Build.0 = Release|Any CPU
		{144B32F6-9342-4407-8C30-56B1611CAF99}.Release|x86.ActiveCfg = Release|Any CPU
		{144B32F6-9342-4407-8C30-56B1611CAF99}.Release|x86.Build.0 = Release|Any CPU
		{11EC157F-1F1A-4CFC-BACC-8364DA1C167A}.Debug|Any CPU.ActiveCfg = Debug|Any CPU
		{11EC157F-1F1A-4CFC-BACC-8364DA1C167A}.Debug|Any CPU.Build.0 = Debug|Any CPU
		{11EC157F-1F1A-4CFC-BACC-8364DA1C167A}.Debug|x64.ActiveCfg = Debug|Any CPU
		{11EC157F-1F1A-4CFC-BACC-8364DA1C167A}.Debug|x64.Build.0 = Debug|Any CPU
		{11EC157F-1F1A-4CFC-BACC-8364DA1C167A}.Debug|x86.ActiveCfg = Debug|Any CPU
		{11EC157F-1F1A-4CFC-BACC-8364DA1C167A}.Debug|x86.Build.0 = Debug|Any CPU
		{11EC157F-1F1A-4CFC-BACC-8364DA1C167A}.Release|Any CPU.ActiveCfg = Release|Any CPU
		{11EC157F-1F1A-4CFC-BACC-8364DA1C167A}.Release|Any CPU.Build.0 = Release|Any CPU
		{11EC157F-1F1A-4CFC-BACC-8364DA1C167A}.Release|x64.ActiveCfg = Release|Any CPU
		{11EC157F-1F1A-4CFC-BACC-8364DA1C167A}.Release|x64.Build.0 = Release|Any CPU
		{11EC157F-1F1A-4CFC-BACC-8364DA1C167A}.Release|x86.ActiveCfg = Release|Any CPU
		{11EC157F-1F1A-4CFC-BACC-8364DA1C167A}.Release|x86.Build.0 = Release|Any CPU
		{E061B0DB-713D-4464-8E79-EA7BA2524581}.Debug|Any CPU.ActiveCfg = Debug|Any CPU
		{E061B0DB-713D-4464-8E79-EA7BA2524581}.Debug|Any CPU.Build.0 = Debug|Any CPU
		{E061B0DB-713D-4464-8E79-EA7BA2524581}.Debug|x64.ActiveCfg = Debug|Any CPU
		{E061B0DB-713D-4464-8E79-EA7BA2524581}.Debug|x64.Build.0 = Debug|Any CPU
		{E061B0DB-713D-4464-8E79-EA7BA2524581}.Debug|x86.ActiveCfg = Debug|Any CPU
		{E061B0DB-713D-4464-8E79-EA7BA2524581}.Debug|x86.Build.0 = Debug|Any CPU
		{E061B0DB-713D-4464-8E79-EA7BA2524581}.Release|Any CPU.ActiveCfg = Release|Any CPU
		{E061B0DB-713D-4464-8E79-EA7BA2524581}.Release|Any CPU.Build.0 = Release|Any CPU
		{E061B0DB-713D-4464-8E79-EA7BA2524581}.Release|x64.ActiveCfg = Release|Any CPU
		{E061B0DB-713D-4464-8E79-EA7BA2524581}.Release|x64.Build.0 = Release|Any CPU
		{E061B0DB-713D-4464-8E79-EA7BA2524581}.Release|x86.ActiveCfg = Release|Any CPU
		{E061B0DB-713D-4464-8E79-EA7BA2524581}.Release|x86.Build.0 = Release|Any CPU
	EndGlobalSection
	GlobalSection(SolutionProperties) = preSolution
		HideSolutionNode = FALSE
	EndGlobalSection
	GlobalSection(NestedProjects) = preSolution
		{C13E73B6-616D-3195-CD22-1E55A7D1F969} = {827E0CD3-B72D-47B6-A68D-7590B98EB39B}
		{871DE45D-752D-4F72-9C93-18F9D0714B4B} = {C13E73B6-616D-3195-CD22-1E55A7D1F969}
		{0FAE6BEE-C095-4E39-B401-A81E47795B83} = {C13E73B6-616D-3195-CD22-1E55A7D1F969}
		{DE732841-62C3-4A71-A510-6E1FB947B16E} = {C13E73B6-616D-3195-CD22-1E55A7D1F969}
		{984BB9B3-3FA3-BE33-9484-CAC21695A33C} = {827E0CD3-B72D-47B6-A68D-7590B98EB39B}
		{C8E460F2-99C6-7F04-9E1E-DA093C9CDAC8} = {984BB9B3-3FA3-BE33-9484-CAC21695A33C}
		{24AB90A4-E2FC-4861-B1F6-36035C609B45} = {C8E460F2-99C6-7F04-9E1E-DA093C9CDAC8}
		{9799FBFD-EA0E-42AA-BB29-4E5FB4CFA6E1} = {C8E460F2-99C6-7F04-9E1E-DA093C9CDAC8}
		{C8ABD9D6-349A-4058-A6DE-FA63D89808AF} = {C8E460F2-99C6-7F04-9E1E-DA093C9CDAC8}
		{0475F7F9-BA8B-4DE7-AC5D-4899A8270E3E} = {C8E460F2-99C6-7F04-9E1E-DA093C9CDAC8}
		{9F42392F-81DB-4913-8D7B-ED0E150DFC39} = {C8E460F2-99C6-7F04-9E1E-DA093C9CDAC8}
		{DD349F42-42E9-98A1-8644-E5A925ED82BA} = {984BB9B3-3FA3-BE33-9484-CAC21695A33C}
		{F404F4EC-8C35-4A5C-9B6F-F0F4487116F1} = {DD349F42-42E9-98A1-8644-E5A925ED82BA}
		{71633B30-C8D6-4F2D-A37A-37D85D393C90} = {DD349F42-42E9-98A1-8644-E5A925ED82BA}
		{4158BBB8-5AA2-43FA-8380-1211804C652D} = {DD349F42-42E9-98A1-8644-E5A925ED82BA}
		{B0F7900C-243C-4424-8BE4-D5A655BDE87C} = {DD349F42-42E9-98A1-8644-E5A925ED82BA}
		{C00A1AFC-F0BF-4C84-B7F5-DCCC91DC68C1} = {DD349F42-42E9-98A1-8644-E5A925ED82BA}
		{3AEB8470-C502-B36A-F8C9-589E2798758E} = {984BB9B3-3FA3-BE33-9484-CAC21695A33C}
		{3E449100-455A-4906-9256-14DF8C0FADB6} = {3AEB8470-C502-B36A-F8C9-589E2798758E}
		{FE8402F7-CEA6-41D0-A4BF-B439C7FB2304} = {3AEB8470-C502-B36A-F8C9-589E2798758E}
		{39769DD0-F14E-453A-B801-5FC3A78FC1DA} = {3AEB8470-C502-B36A-F8C9-589E2798758E}
		{D054076D-668B-4374-A67F-3B8061F77F54} = {3AEB8470-C502-B36A-F8C9-589E2798758E}
		{71047B04-8DAE-4AB0-990A-2E86BAFCFEAE} = {3AEB8470-C502-B36A-F8C9-589E2798758E}
		{B1DA3054-046B-2E6B-DC3C-DED8BDE7FFB6} = {984BB9B3-3FA3-BE33-9484-CAC21695A33C}
		{BAAEF00E-E7A5-4851-A71F-0E5A957EAFFD} = {B1DA3054-046B-2E6B-DC3C-DED8BDE7FFB6}
		{144B32F6-9342-4407-8C30-56B1611CAF99} = {B1DA3054-046B-2E6B-DC3C-DED8BDE7FFB6}
		{11EC157F-1F1A-4CFC-BACC-8364DA1C167A} = {B1DA3054-046B-2E6B-DC3C-DED8BDE7FFB6}
		{E061B0DB-713D-4464-8E79-EA7BA2524581} = {B1DA3054-046B-2E6B-DC3C-DED8BDE7FFB6}
	EndGlobalSection
EndGlobal
